// !$*UTF8*$!
{
	archiveVersion = 1;
	classes = {
	};
	objectVersion = 46;
	objects = {

/* Begin PBXBuildFile section */
		3C33BE471DA18BC200DFEFC9 /* main.m in Sources */ = {isa = PBXBuildFile; fileRef = 3C33BE461DA18BC200DFEFC9 /* main.m */; };
		3C33BE4A1DA18BC200DFEFC9 /* AppDelegate.m in Sources */ = {isa = PBXBuildFile; fileRef = 3C33BE491DA18BC200DFEFC9 /* AppDelegate.m */; };
		3C33BE4D1DA18BC200DFEFC9 /* ViewController.m in Sources */ = {isa = PBXBuildFile; fileRef = 3C33BE4C1DA18BC200DFEFC9 /* ViewController.m */; };
		3C33BE501DA18BC200DFEFC9 /* Main.storyboard in Resources */ = {isa = PBXBuildFile; fileRef = 3C33BE4E1DA18BC200DFEFC9 /* Main.storyboard */; };
		3C33BE521DA18BC200DFEFC9 /* Assets.xcassets in Resources */ = {isa = PBXBuildFile; fileRef = 3C33BE511DA18BC200DFEFC9 /* Assets.xcassets */; };
		3C33BE551DA18BC200DFEFC9 /* LaunchScreen.storyboard in Resources */ = {isa = PBXBuildFile; fileRef = 3C33BE531DA18BC200DFEFC9 /* LaunchScreen.storyboard */; };
/* End PBXBuildFile section */

/* Begin PBXFileReference section */
		3C33BE421DA18BC200DFEFC9 /* Imaginarium.app */ = {isa = PBXFileReference; explicitFileType = wrapper.application; includeInIndex = 0; path = Imaginarium.app; sourceTree = BUILT_PRODUCTS_DIR; };
		3C33BE461DA18BC200DFEFC9 /* main.m */ = {isa = PBXFileReference; lastKnownFileType = sourcecode.c.objc; path = main.m; sourceTree = "<group>"; };
		3C33BE481DA18BC200DFEFC9 /* AppDelegate.h */ = {isa = PBXFileReference; lastKnownFileType = sourcecode.c.h; path = AppDelegate.h; sourceTree = "<group>"; };
		3C33BE491DA18BC200DFEFC9 /* AppDelegate.m */ = {isa = PBXFileReference; lastKnownFileType = sourcecode.c.objc; path = AppDelegate.m; sourceTree = "<group>"; };
		3C33BE4B1DA18BC200DFEFC9 /* ViewController.h */ = {isa = PBXFileReference; lastKnownFileType = sourcecode.c.h; path = ViewController.h; sourceTree = "<group>"; };
		3C33BE4C1DA18BC200DFEFC9 /* ViewController.m */ = {isa = PBXFileReference; lastKnownFileType = sourcecode.c.objc; path = ViewController.m; sourceTree = "<group>"; };
		3C33BE4F1DA18BC200DFEFC9 /* Base */ = {isa = PBXFileReference; lastKnownFileType = file.storyboard; name = Base; path = Base.lproj/Main.storyboard; sourceTree = "<group>"; };
		3C33BE511DA18BC200DFEFC9 /* Assets.xcassets */ = {isa = PBXFileReference; lastKnownFileType = folder.assetcatalog; path = Assets.xcassets; sourceTree = "<group>"; };
		3C33BE541DA18BC200DFEFC9 /* Base */ = {isa = PBXFileReference; lastKnownFileType = file.storyboard; name = Base; path = Base.lproj/LaunchScreen.storyboard; sourceTree = "<group>"; };
		3C33BE561DA18BC200DFEFC9 /* Info.plist */ = {isa = PBXFileReference; lastKnownFileType = text.plist.xml; path = Info.plist; sourceTree = "<group>"; };
/* End PBXFileReference section */

/* Begin PBXFrameworksBuildPhase section */
		3C33BE3F1DA18BC200DFEFC9 /* Frameworks */ = {
			isa = PBXFrameworksBuildPhase;
			buildActionMask = 2147483647;
			files = (
			);
			runOnlyForDeploymentPostprocessing = 0;
		};
/* End PBXFrameworksBuildPhase section */

/* Begin PBXGroup section */
		3C33BE391DA18BC200DFEFC9 = {
			isa = PBXGroup;
			children = (
				3C33BE441DA18BC200DFEFC9 /* Imaginarium */,
				3C33BE431DA18BC200DFEFC9 /* Products */,
			);
			sourceTree = "<group>";
		};
		3C33BE431DA18BC200DFEFC9 /* Products */ = {
			isa = PBXGroup;
			children = (
				3C33BE421DA18BC200DFEFC9 /* Imaginarium.app */,
			);
			name = Products;
			sourceTree = "<group>";
		};
		3C33BE441DA18BC200DFEFC9 /* Imaginarium */ = {
			isa = PBXGroup;
			children = (
				3C33BE4B1DA18BC200DFEFC9 /* ViewController.h */,
				3C33BE4C1DA18BC200DFEFC9 /* ViewController.m */,
				3C33BE4E1DA18BC200DFEFC9 /* Main.storyboard */,
				3C33BE511DA18BC200DFEFC9 /* Assets.xcassets */,
				3C33BE531DA18BC200DFEFC9 /* LaunchScreen.storyboard */,
				3C33BE561DA18BC200DFEFC9 /* Info.plist */,
				3C33BE451DA18BC200DFEFC9 /* Supporting Files */,
			);
			path = Imaginarium;
			sourceTree = "<group>";
		};
		3C33BE451DA18BC200DFEFC9 /* Supporting Files */ = {
			isa = PBXGroup;
			children = (
				3C33BE481DA18BC200DFEFC9 /* AppDelegate.h */,
				3C33BE491DA18BC200DFEFC9 /* AppDelegate.m */,
				3C33BE461DA18BC200DFEFC9 /* main.m */,
			);
			name = "Supporting Files";
			sourceTree = "<group>";
		};
/* End PBXGroup section */

/* Begin PBXNativeTarget section */
		3C33BE411DA18BC200DFEFC9 /* Imaginarium */ = {
			isa = PBXNativeTarget;
			buildConfigurationList = 3C33BE591DA18BC200DFEFC9 /* Build configuration list for PBXNativeTarget "Imaginarium" */;
			buildPhases = (
				3C33BE3E1DA18BC200DFEFC9 /* Sources */,
				3C33BE3F1DA18BC200DFEFC9 /* Frameworks */,
				3C33BE401DA18BC200DFEFC9 /* Resources */,
			);
			buildRules = (
			);
			dependencies = (
			);
			name = Imaginarium;
			productName = Imaginarium;
			productReference = 3C33BE421DA18BC200DFEFC9 /* Imaginarium.app */;
			productType = "com.apple.product-type.application";
		};
/* End PBXNativeTarget section */

/* Begin PBXProject section */
		3C33BE3A1DA18BC200DFEFC9 /* Project object */ = {
			isa = PBXProject;
			attributes = {
				LastUpgradeCheck = 0720;
				ORGANIZATIONNAME = "Mihai Deaconu";
				TargetAttributes = {
					3C33BE411DA18BC200DFEFC9 = {
						CreatedOnToolsVersion = 7.2.1;
						DevelopmentTeam = T6YGL362M8;
					};
				};
			};
			buildConfigurationList = 3C33BE3D1DA18BC200DFEFC9 /* Build configuration list for PBXProject "Imaginarium" */;
			compatibilityVersion = "Xcode 3.2";
			developmentRegion = English;
			hasScannedForEncodings = 0;
			knownRegions = (
				en,
				Base,
			);
			mainGroup = 3C33BE391DA18BC200DFEFC9;
			productRefGroup = 3C33BE431DA18BC200DFEFC9 /* Products */;
			projectDirPath = "";
			projectRoot = "";
			targets = (
				3C33BE411DA18BC200DFEFC9 /* Imaginarium */,
			);
		};
/* End PBXProject section */

/* Begin PBXResourcesBuildPhase section */
		3C33BE401DA18BC200DFEFC9 /* Resources */ = {
			isa = PBXResourcesBuildPhase;
			buildActionMask = 2147483647;
			files = (
				3C33BE551DA18BC200DFEFC9 /* LaunchScreen.storyboard in Resources */,
				3C33BE521DA18BC200DFEFC9 /* Assets.xcassets in Resources */,
				3C33BE501DA18BC200DFEFC9 /* Main.storyboard in Resources */,
			);
			runOnlyForDeploymentPostprocessing = 0;
		};
/* End PBXResourcesBuildPhase section */

/* Begin PBXSourcesBuildPhase section */
		3C33BE3E1DA18BC200DFEFC9 /* Sources */ = {
			isa = PBXSourcesBuildPhase;
			buildActionMask = 2147483647;
			files = (
				3C33BE4D1DA18BC200DFEFC9 /* ViewController.m in Sources */,
				3C33BE4A1DA18BC200DFEFC9 /* AppDelegate.m in Sources */,
				3C33BE471DA18BC200DFEFC9 /* main.m in Sources */,
			);
			runOnlyForDeploymentPostprocessing = 0;
		};
/* End PBXSourcesBuildPhase section */

/* Begin PBXVariantGroup section */
		3C33BE4E1DA18BC200DFEFC9 /* Main.storyboard */ = {
			isa = PBXVariantGroup;
			children = (
				3C33BE4F1DA18BC200DFEFC9 /* Base */,
			);
			name = Main.storyboard;
			sourceTree = "<group>";
		};
		3C33BE531DA18BC200DFEFC9 /* LaunchScreen.storyboard */ = {
			isa = PBXVariantGroup;
			children = (
				3C33BE541DA18BC200DFEFC9 /* Base */,
			);
			name = LaunchScreen.storyboard;
			sourceTree = "<group>";
		};
/* End PBXVariantGroup section */

/* Begin XCBuildConfiguration section */
		3C33BE571DA18BC200DFEFC9 /* Debug */ = {
			isa = XCBuildConfiguration;
			buildSettings = {
				ALWAYS_SEARCH_USER_PATHS = NO;
				CLANG_CXX_LANGUAGE_STANDARD = "gnu++0x";
				CLANG_CXX_LIBRARY = "libc++";
				CLANG_ENABLE_MODULES = YES;
				CLANG_ENABLE_OBJC_ARC = YES;
				CLANG_WARN_BOOL_CONVERSION = YES;
				CLANG_WARN_CONSTANT_CONVERSION = YES;
				CLANG_WARN_DIRECT_OBJC_ISA_USAGE = YES_ERROR;
				CLANG_WARN_EMPTY_BODY = YES;
				CLANG_WARN_ENUM_CONVERSION = YES;
				CLANG_WARN_INT_CONVERSION = YES;
				CLANG_WARN_OBJC_ROOT_CLASS = YES_ERROR;
				CLANG_WARN_UNREACHABLE_CODE = YES;
				CLANG_WARN__DUPLICATE_METHOD_MATCH = YES;
				"CODE_SIGN_IDENTITY[sdk=iphoneos*]" = "iPhone Developer";
				COPY_PHASE_STRIP = NO;
				DEBUG_INFORMATION_FORMAT = dwarf;
				ENABLE_STRICT_OBJC_MSGSEND = YES;
				ENABLE_TESTABILITY = YES;
				GCC_C_LANGUAGE_STANDARD = gnu99;
				GCC_DYNAMIC_NO_PIC = NO;
				GCC_NO_COMMON_BLOCKS = YES;
				GCC_OPTIMIZATION_LEVEL = 0;
				GCC_PREPROCESSOR_DEFINITIONS = (
					"DEBUG=1",
					"$(inherited)",
				);
				GCC_WARN_64_TO_32_BIT_CONVERSION = YES;
				GCC_WARN_ABOUT_RETURN_TYPE = YES_ERROR;
				GCC_WARN_UNDECLARED_SELECTOR = YES;
				GCC_WARN_UNINITIALIZED_AUTOS = YES_AGGRESSIVE;
				GCC_WARN_UNUSED_FUNCTION = YES;
				GCC_WARN_UNUSED_VARIABLE = YES;
				IPHONEOS_DEPLOYMENT_TARGET = 9.2;
				MTL_ENABLE_DEBUG_INFO = YES;
				ONLY_ACTIVE_ARCH = YES;
				SDKROOT = iphoneos;
			};
			name = Debug;
		};
		3C33BE581DA18BC200DFEFC9 /* Release */ = {
			isa = XCBuildConfiguration;
			buildSettings = {
				ALWAYS_SEARCH_USER_PATHS = NO;
				CLANG_CXX_LANGUAGE_STANDARD = "gnu++0x";
				CLANG_CXX_LIBRARY = "libc++";
				CLANG_ENABLE_MODULES = YES;
				CLANG_ENABLE_OBJC_ARC = YES;
				CLANG_WARN_BOOL_CONVERSION = YES;
				CLANG_WARN_CONSTANT_CONVERSION = YES;
				CLANG_WARN_DIRECT_OBJC_ISA_USAGE = YES_ERROR;
				CLANG_WARN_EMPTY_BODY = YES;
				CLANG_WARN_ENUM_CONVERSION = YES;
				CLANG_WARN_INT_CONVERSION = YES;
				CLANG_WARN_OBJC_ROOT_CLASS = YES_ERROR;
				CLANG_WARN_UNREACHABLE_CODE = YES;
				CLANG_WARN__DUPLICATE_METHOD_MATCH = YES;
				"CODE_SIGN_IDENTITY[sdk=iphoneos*]" = "iPhone Developer";
				COPY_PHASE_STRIP = NO;
				DEBUG_INFORMATION_FORMAT = "dwarf-with-dsym";
				ENABLE_NS_ASSERTIONS = NO;
				ENABLE_STRICT_OBJC_MSGSEND = YES;
				GCC_C_LANGUAGE_STANDARD = gnu99;
				GCC_NO_COMMON_BLOCKS = YES;
				GCC_WARN_64_TO_32_BIT_CONVERSION = YES;
				GCC_WARN_ABOUT_RETURN_TYPE = YES_ERROR;
				GCC_WARN_UNDECLARED_SELECTOR = YES;
				GCC_WARN_UNINITIALIZED_AUTOS = YES_AGGRESSIVE;
				GCC_WARN_UNUSED_FUNCTION = YES;
				GCC_WARN_UNUSED_VARIABLE = YES;
				IPHONEOS_DEPLOYMENT_TARGET = 9.2;
				MTL_ENABLE_DEBUG_INFO = NO;
				SDKROOT = iphoneos;
				VALIDATE_PRODUCT = YES;
			};
			name = Release;
		};
		3C33BE5A1DA18BC200DFEFC9 /* Debug */ = {
			isa = XCBuildConfiguration;
			buildSettings = {
				ASSETCATALOG_COMPILER_APPICON_NAME = AppIcon;
				INFOPLIST_FILE = Imaginarium/Info.plist;
				LD_RUNPATH_SEARCH_PATHS = "$(inherited) @executable_path/Frameworks";
				PRODUCT_BUNDLE_IDENTIFIER = com.mdudev.Imaginarium;
				PRODUCT_NAME = "$(TARGET_NAME)";
			};
			name = Debug;
		};
		3C33BE5B1DA18BC200DFEFC9 /* Release */ = {
			isa = XCBuildConfiguration;
			buildSettings = {
				ASSETCATALOG_COMPILER_APPICON_NAME = AppIcon;
				INFOPLIST_FILE = Imaginarium/Info.plist;
				LD_RUNPATH_SEARCH_PATHS = "$(inherited) @executable_path/Frameworks";
				PRODUCT_BUNDLE_IDENTIFIER = com.mdudev.Imaginarium;
				PRODUCT_NAME = "$(TARGET_NAME)";
			};
			name = Release;
		};
/* End XCBuildConfiguration section */

/* Begin XCConfigurationList section */
		3C33BE3D1DA18BC200DFEFC9 /* Build configuration list for PBXProject "Imaginarium" */ = {
			isa = XCConfigurationList;
			buildConfigurations = (
				3C33BE571DA18BC200DFEFC9 /* Debug */,
				3C33BE581DA18BC200DFEFC9 /* Release */,
			);
			defaultConfigurationIsVisible = 0;
			defaultConfigurationName = Release;
		};
		3C33BE591DA18BC200DFEFC9 /* Build configuration list for PBXNativeTarget "Imaginarium" */ = {
			isa = XCConfigurationList;
			buildConfigurations = (
				3C33BE5A1DA18BC200DFEFC9 /* Debug */,
				3C33BE5B1DA18BC200DFEFC9 /* Release */,
			);
			defaultConfigurationIsVisible = 0;
		};
/* End XCConfigurationList section */
	};
	rootObject = 3C33BE3A1DA18BC200DFEFC9 /* Project object */;
}
